
Microsoft Visual Studio Solution File, Format Version 12.00
# Visual Studio Version 17
VisualStudioVersion = 17.4.33122.133
MinimumVisualStudioVersion = 10.0.40219.1
Project("{2150E333-8FDC-42A3-9474-1A3956D46DE8}") = "Website", "Website", "{E1A4972B-9456-488D-8EAC-0356497E86C4}"
	ProjectSection(SolutionItems) = preProject
		index.html = index.html
	EndProjectSection
EndProject
Project("{2150E333-8FDC-42A3-9474-1A3956D46DE8}") = "p", "p", "{1D79C7ED-A2F8-4F05-AC0F-7254F615AD94}"
	ProjectSection(SolutionItems) = preProject
		mods.html = mods.html
		weapon-maker.html = weapon-maker.html
		plugins.html = plugins.html
	EndProjectSection
EndProject
Project("{2150E333-8FDC-42A3-9474-1A3956D46DE8}") = "css", "css", "{83AEA0D7-E2FF-4E1F-836E-9C60C8EC9BD6}"
EndProject
Global
	GlobalSection(SolutionProperties) = preSolution
		HideSolutionNode = FALSE
	EndGlobalSection
	GlobalSection(NestedProjects) = preSolution
		{1D79C7ED-A2F8-4F05-AC0F-7254F615AD94} = {E1A4972B-9456-488D-8EAC-0356497E86C4}
		{83AEA0D7-E2FF-4E1F-836E-9C60C8EC9BD6} = {E1A4972B-9456-488D-8EAC-0356497E86C4}
	EndGlobalSection
	GlobalSection(ExtensibilityGlobals) = postSolution
		SolutionGuid = {22DB7231-DC93-430E-AAE8-D87F15E858AF}
	EndGlobalSection
EndGlobal
